// !$*UTF8*$!
{
	archiveVersion = 1;
	classes = {
	};
	objectVersion = 56;
	objects = {

/* Begin PBXBuildFile section */
		462F03202C9554CC000AA26D /* ARModelView.swift in Sources */ = {isa = PBXBuildFile; fileRef = 462F031F2C9554CC000AA26D /* ARModelView.swift */; };
		462F03222C9554DF000AA26D /* UnsupportedDeviceView.swift in Sources */ = {isa = PBXBuildFile; fileRef = 462F03212C9554DF000AA26D /* UnsupportedDeviceView.swift */; };
		462F03242C9554F9000AA26D /* StartScanView.swift in Sources */ = {isa = PBXBuildFile; fileRef = 462F03232C9554F9000AA26D /* StartScanView.swift */; };
		462F03272C95557A000AA26D /* RoomController.swift in Sources */ = {isa = PBXBuildFile; fileRef = 462F03262C95557A000AA26D /* RoomController.swift */; };
		462F03292C95558B000AA26D /* RoomPlanView.swift in Sources */ = {isa = PBXBuildFile; fileRef = 462F03282C95558B000AA26D /* RoomPlanView.swift */; };
		466DA2DD2C9322940023F1DD /* RndR_SwiftUiApp.swift in Sources */ = {isa = PBXBuildFile; fileRef = 466DA2DC2C9322940023F1DD /* RndR_SwiftUiApp.swift */; };
		466DA2DF2C9322940023F1DD /* MainView.swift in Sources */ = {isa = PBXBuildFile; fileRef = 466DA2DE2C9322940023F1DD /* MainView.swift */; };
		466DA2E12C9322950023F1DD /* Assets.xcassets in Resources */ = {isa = PBXBuildFile; fileRef = 466DA2E02C9322950023F1DD /* Assets.xcassets */; };
		466DA2E42C9322950023F1DD /* Preview Assets.xcassets in Resources */ = {isa = PBXBuildFile; fileRef = 466DA2E32C9322950023F1DD /* Preview Assets.xcassets */; };
		466DA2F22C9324080023F1DD /* FirebaseAuth in Frameworks */ = {isa = PBXBuildFile; productRef = 466DA2F12C9324080023F1DD /* FirebaseAuth */; };
		466DA2F42C9324080023F1DD /* FirebaseFirestore in Frameworks */ = {isa = PBXBuildFile; productRef = 466DA2F32C9324080023F1DD /* FirebaseFirestore */; };
		466DA2F62C9324080023F1DD /* FirebaseFirestoreCombine-Community in Frameworks */ = {isa = PBXBuildFile; productRef = 466DA2F52C9324080023F1DD /* FirebaseFirestoreCombine-Community */; };
		466DA2F82C9324080023F1DD /* FirebaseStorage in Frameworks */ = {isa = PBXBuildFile; productRef = 466DA2F72C9324080023F1DD /* FirebaseStorage */; };
		466DA2FA2C9324800023F1DD /* ProfileView.swift in Sources */ = {isa = PBXBuildFile; fileRef = 466DA2F92C9324800023F1DD /* ProfileView.swift */; };
		466DA2FC2C9324AA0023F1DD /* HomeView.swift in Sources */ = {isa = PBXBuildFile; fileRef = 466DA2FB2C9324AA0023F1DD /* HomeView.swift */; };
		466DA2FE2C9324BD0023F1DD /* MainViewViewModel.swift in Sources */ = {isa = PBXBuildFile; fileRef = 466DA2FD2C9324BD0023F1DD /* MainViewViewModel.swift */; };
		466DA3002C9324D90023F1DD /* LoginView.swift in Sources */ = {isa = PBXBuildFile; fileRef = 466DA2FF2C9324D90023F1DD /* LoginView.swift */; };
		466DA3022C9324EB0023F1DD /* LoginViewViewModel.swift in Sources */ = {isa = PBXBuildFile; fileRef = 466DA3012C9324EB0023F1DD /* LoginViewViewModel.swift */; };
		466DA3042C9325130023F1DD /* HeaderView.swift in Sources */ = {isa = PBXBuildFile; fileRef = 466DA3032C9325130023F1DD /* HeaderView.swift */; };
		466DA3062C9325280023F1DD /* TLButton.swift in Sources */ = {isa = PBXBuildFile; fileRef = 466DA3052C9325280023F1DD /* TLButton.swift */; };
		466DA3082C93253C0023F1DD /* RegisterView.swift in Sources */ = {isa = PBXBuildFile; fileRef = 466DA3072C93253C0023F1DD /* RegisterView.swift */; };
		466DA30C2C93255D0023F1DD /* RegisterViewViewModel.swift in Sources */ = {isa = PBXBuildFile; fileRef = 466DA30B2C93255D0023F1DD /* RegisterViewViewModel.swift */; };
		466DA30E2C9325850023F1DD /* UserDataModel.swift in Sources */ = {isa = PBXBuildFile; fileRef = 466DA30D2C9325850023F1DD /* UserDataModel.swift */; };
		466DA3102C9325AA0023F1DD /* Extensions.swift in Sources */ = {isa = PBXBuildFile; fileRef = 466DA30F2C9325AA0023F1DD /* Extensions.swift */; };
		466DA3122C9327FF0023F1DD /* ProfileViewViewModel.swift in Sources */ = {isa = PBXBuildFile; fileRef = 466DA3112C9327FF0023F1DD /* ProfileViewViewModel.swift */; };
		466DA3142C93347D0023F1DD /* LandingView.swift in Sources */ = {isa = PBXBuildFile; fileRef = 466DA3132C93347D0023F1DD /* LandingView.swift */; };
		466DA3162C93F1530023F1DD /* GoogleService-Info.plist in Resources */ = {isa = PBXBuildFile; fileRef = 466DA3152C93F1530023F1DD /* GoogleService-Info.plist */; };
		466DA31A2C93F45A0023F1DD /* GoogleSignIn in Frameworks */ = {isa = PBXBuildFile; productRef = 466DA3192C93F45A0023F1DD /* GoogleSignIn */; };
		466DA31C2C93F45A0023F1DD /* GoogleSignInSwift in Frameworks */ = {isa = PBXBuildFile; productRef = 466DA31B2C93F45A0023F1DD /* GoogleSignInSwift */; };
		466DA31E2C9421580023F1DD /* CategorieItemView.swift in Sources */ = {isa = PBXBuildFile; fileRef = 466DA31D2C9421580023F1DD /* CategorieItemView.swift */; };
		46730DED2C96AFDE00E9227E /* ModelDetailView.swift in Sources */ = {isa = PBXBuildFile; fileRef = 46730DEC2C96AFDE00E9227E /* ModelDetailView.swift */; };
		46730DEF2C96B6AC00E9227E /* RoomDataModel.swift in Sources */ = {isa = PBXBuildFile; fileRef = 46730DEE2C96B6AC00E9227E /* RoomDataModel.swift */; };
		46730DF12C96B7B900E9227E /* RoomDetailsFormView.swift in Sources */ = {isa = PBXBuildFile; fileRef = 46730DF02C96B7B900E9227E /* RoomDetailsFormView.swift */; };
		46730DF42C96BFBF00E9227E /* SDWebImageSwiftUI in Frameworks */ = {isa = PBXBuildFile; productRef = 46730DF32C96BFBF00E9227E /* SDWebImageSwiftUI */; };
		46730DF82C96C1A900E9227E /* ARViewDisplay.swift in Sources */ = {isa = PBXBuildFile; fileRef = 46730DF72C96C1A900E9227E /* ARViewDisplay.swift */; };
		4677D8F32C9D9F2A00BA6E54 /* Model3DView.swift in Sources */ = {isa = PBXBuildFile; fileRef = 4677D8F22C9D9F2A00BA6E54 /* Model3DView.swift */; };
		4677D8F52C9DA13E00BA6E54 /* demoModel.usdz in Resources */ = {isa = PBXBuildFile; fileRef = 4677D8F42C9DA13E00BA6E54 /* demoModel.usdz */; };
		46B805592C97FACF00ABF1F8 /* RoomPlanViewViewModel.swift in Sources */ = {isa = PBXBuildFile; fileRef = 46B805582C97FACF00ABF1F8 /* RoomPlanViewViewModel.swift */; };
		46B8055B2C97FB7400ABF1F8 /* CategoryViewViewModel.swift in Sources */ = {isa = PBXBuildFile; fileRef = 46B8055A2C97FB7400ABF1F8 /* CategoryViewViewModel.swift */; };
		46B8055F2C9861B700ABF1F8 /* AddRoomView.swift in Sources */ = {isa = PBXBuildFile; fileRef = 46B8055E2C9861B700ABF1F8 /* AddRoomView.swift */; };
		46B805612C986CD000ABF1F8 /* CategoryDataModel.swift in Sources */ = {isa = PBXBuildFile; fileRef = 46B805602C986CD000ABF1F8 /* CategoryDataModel.swift */; };
		46B805632C986CF200ABF1F8 /* HomeViewViewModel.swift in Sources */ = {isa = PBXBuildFile; fileRef = 46B805622C986CF200ABF1F8 /* HomeViewViewModel.swift */; };
		46B805652C98861900ABF1F8 /* categoriesView.swift in Sources */ = {isa = PBXBuildFile; fileRef = 46B805642C98861900ABF1F8 /* categoriesView.swift */; };
		46B805672C98865C00ABF1F8 /* SliderView.swift in Sources */ = {isa = PBXBuildFile; fileRef = 46B805662C98865C00ABF1F8 /* SliderView.swift */; };
		46C0724F2C999FDB007A162A /* SkeletonLoader.swift in Sources */ = {isa = PBXBuildFile; fileRef = 46C0724E2C999FDB007A162A /* SkeletonLoader.swift */; };
/* End PBXBuildFile section */

/* Begin PBXFileReference section */
		462F031F2C9554CC000AA26D /* ARModelView.swift */ = {isa = PBXFileReference; lastKnownFileType = sourcecode.swift; path = ARModelView.swift; sourceTree = "<group>"; };
		462F03212C9554DF000AA26D /* UnsupportedDeviceView.swift */ = {isa = PBXFileReference; lastKnownFileType = sourcecode.swift; path = UnsupportedDeviceView.swift; sourceTree = "<group>"; };
		462F03232C9554F9000AA26D /* StartScanView.swift */ = {isa = PBXFileReference; lastKnownFileType = sourcecode.swift; path = StartScanView.swift; sourceTree = "<group>"; };
		462F03262C95557A000AA26D /* RoomController.swift */ = {isa = PBXFileReference; lastKnownFileType = sourcecode.swift; path = RoomController.swift; sourceTree = "<group>"; };
		462F03282C95558B000AA26D /* RoomPlanView.swift */ = {isa = PBXFileReference; lastKnownFileType = sourcecode.swift; path = RoomPlanView.swift; sourceTree = "<group>"; };
		466DA2D92C9322940023F1DD /* RndR_SwiftUi.app */ = {isa = PBXFileReference; explicitFileType = wrapper.application; includeInIndex = 0; path = RndR_SwiftUi.app; sourceTree = BUILT_PRODUCTS_DIR; };
		466DA2DC2C9322940023F1DD /* RndR_SwiftUiApp.swift */ = {isa = PBXFileReference; lastKnownFileType = sourcecode.swift; path = RndR_SwiftUiApp.swift; sourceTree = "<group>"; };
		466DA2DE2C9322940023F1DD /* MainView.swift */ = {isa = PBXFileReference; lastKnownFileType = sourcecode.swift; path = MainView.swift; sourceTree = "<group>"; };
		466DA2E02C9322950023F1DD /* Assets.xcassets */ = {isa = PBXFileReference; lastKnownFileType = folder.assetcatalog; path = Assets.xcassets; sourceTree = "<group>"; };
		466DA2E32C9322950023F1DD /* Preview Assets.xcassets */ = {isa = PBXFileReference; lastKnownFileType = folder.assetcatalog; path = "Preview Assets.xcassets"; sourceTree = "<group>"; };
		466DA2F92C9324800023F1DD /* ProfileView.swift */ = {isa = PBXFileReference; lastKnownFileType = sourcecode.swift; path = ProfileView.swift; sourceTree = "<group>"; };
		466DA2FB2C9324AA0023F1DD /* HomeView.swift */ = {isa = PBXFileReference; lastKnownFileType = sourcecode.swift; path = HomeView.swift; sourceTree = "<group>"; };
		466DA2FD2C9324BD0023F1DD /* MainViewViewModel.swift */ = {isa = PBXFileReference; lastKnownFileType = sourcecode.swift; path = MainViewViewModel.swift; sourceTree = "<group>"; };
		466DA2FF2C9324D90023F1DD /* LoginView.swift */ = {isa = PBXFileReference; lastKnownFileType = sourcecode.swift; path = LoginView.swift; sourceTree = "<group>"; };
		466DA3012C9324EB0023F1DD /* LoginViewViewModel.swift */ = {isa = PBXFileReference; lastKnownFileType = sourcecode.swift; path = LoginViewViewModel.swift; sourceTree = "<group>"; };
		466DA3032C9325130023F1DD /* HeaderView.swift */ = {isa = PBXFileReference; lastKnownFileType = sourcecode.swift; path = HeaderView.swift; sourceTree = "<group>"; };
		466DA3052C9325280023F1DD /* TLButton.swift */ = {isa = PBXFileReference; lastKnownFileType = sourcecode.swift; path = TLButton.swift; sourceTree = "<group>"; };
		466DA3072C93253C0023F1DD /* RegisterView.swift */ = {isa = PBXFileReference; lastKnownFileType = sourcecode.swift; path = RegisterView.swift; sourceTree = "<group>"; };
		466DA30B2C93255D0023F1DD /* RegisterViewViewModel.swift */ = {isa = PBXFileReference; lastKnownFileType = sourcecode.swift; path = RegisterViewViewModel.swift; sourceTree = "<group>"; };
		466DA30D2C9325850023F1DD /* UserDataModel.swift */ = {isa = PBXFileReference; lastKnownFileType = sourcecode.swift; path = UserDataModel.swift; sourceTree = "<group>"; };
		466DA30F2C9325AA0023F1DD /* Extensions.swift */ = {isa = PBXFileReference; lastKnownFileType = sourcecode.swift; path = Extensions.swift; sourceTree = "<group>"; };
		466DA3112C9327FF0023F1DD /* ProfileViewViewModel.swift */ = {isa = PBXFileReference; lastKnownFileType = sourcecode.swift; path = ProfileViewViewModel.swift; sourceTree = "<group>"; };
		466DA3132C93347D0023F1DD /* LandingView.swift */ = {isa = PBXFileReference; lastKnownFileType = sourcecode.swift; path = LandingView.swift; sourceTree = "<group>"; };
		466DA3152C93F1530023F1DD /* GoogleService-Info.plist */ = {isa = PBXFileReference; fileEncoding = 4; lastKnownFileType = text.plist.xml; path = "GoogleService-Info.plist"; sourceTree = SOURCE_ROOT; };
		466DA3172C93F1DE0023F1DD /* RndR-SwiftUi-Info.plist */ = {isa = PBXFileReference; lastKnownFileType = text.plist; path = "RndR-SwiftUi-Info.plist"; sourceTree = SOURCE_ROOT; };
		466DA31D2C9421580023F1DD /* CategorieItemView.swift */ = {isa = PBXFileReference; lastKnownFileType = sourcecode.swift; path = CategorieItemView.swift; sourceTree = "<group>"; };
		46730DEC2C96AFDE00E9227E /* ModelDetailView.swift */ = {isa = PBXFileReference; lastKnownFileType = sourcecode.swift; path = ModelDetailView.swift; sourceTree = "<group>"; };
		46730DEE2C96B6AC00E9227E /* RoomDataModel.swift */ = {isa = PBXFileReference; lastKnownFileType = sourcecode.swift; path = RoomDataModel.swift; sourceTree = "<group>"; };
		46730DF02C96B7B900E9227E /* RoomDetailsFormView.swift */ = {isa = PBXFileReference; lastKnownFileType = sourcecode.swift; path = RoomDetailsFormView.swift; sourceTree = "<group>"; };
		46730DF72C96C1A900E9227E /* ARViewDisplay.swift */ = {isa = PBXFileReference; lastKnownFileType = sourcecode.swift; path = ARViewDisplay.swift; sourceTree = "<group>"; };
		4677D8F22C9D9F2A00BA6E54 /* Model3DView.swift */ = {isa = PBXFileReference; lastKnownFileType = sourcecode.swift; path = Model3DView.swift; sourceTree = "<group>"; };
		4677D8F42C9DA13E00BA6E54 /* demoModel.usdz */ = {isa = PBXFileReference; lastKnownFileType = file; path = demoModel.usdz; sourceTree = "<group>"; };
		46B805582C97FACF00ABF1F8 /* RoomPlanViewViewModel.swift */ = {isa = PBXFileReference; lastKnownFileType = sourcecode.swift; path = RoomPlanViewViewModel.swift; sourceTree = "<group>"; };
		46B8055A2C97FB7400ABF1F8 /* CategoryViewViewModel.swift */ = {isa = PBXFileReference; lastKnownFileType = sourcecode.swift; path = CategoryViewViewModel.swift; sourceTree = "<group>"; };
		46B8055E2C9861B700ABF1F8 /* AddRoomView.swift */ = {isa = PBXFileReference; lastKnownFileType = sourcecode.swift; path = AddRoomView.swift; sourceTree = "<group>"; };
		46B805602C986CD000ABF1F8 /* CategoryDataModel.swift */ = {isa = PBXFileReference; lastKnownFileType = sourcecode.swift; path = CategoryDataModel.swift; sourceTree = "<group>"; };
		46B805622C986CF200ABF1F8 /* HomeViewViewModel.swift */ = {isa = PBXFileReference; lastKnownFileType = sourcecode.swift; path = HomeViewViewModel.swift; sourceTree = "<group>"; };
		46B805642C98861900ABF1F8 /* categoriesView.swift */ = {isa = PBXFileReference; lastKnownFileType = sourcecode.swift; path = categoriesView.swift; sourceTree = "<group>"; };
		46B805662C98865C00ABF1F8 /* SliderView.swift */ = {isa = PBXFileReference; lastKnownFileType = sourcecode.swift; path = SliderView.swift; sourceTree = "<group>"; };
		46C0724E2C999FDB007A162A /* SkeletonLoader.swift */ = {isa = PBXFileReference; lastKnownFileType = sourcecode.swift; path = SkeletonLoader.swift; sourceTree = "<group>"; };
/* End PBXFileReference section */

/* Begin PBXFrameworksBuildPhase section */
		466DA2D62C9322940023F1DD /* Frameworks */ = {
			isa = PBXFrameworksBuildPhase;
			buildActionMask = 2147483647;
			files = (
				46730DF42C96BFBF00E9227E /* SDWebImageSwiftUI in Frameworks */,
				466DA31A2C93F45A0023F1DD /* GoogleSignIn in Frameworks */,
				466DA2F62C9324080023F1DD /* FirebaseFirestoreCombine-Community in Frameworks */,
				466DA2F82C9324080023F1DD /* FirebaseStorage in Frameworks */,
				466DA31C2C93F45A0023F1DD /* GoogleSignInSwift in Frameworks */,
				466DA2F22C9324080023F1DD /* FirebaseAuth in Frameworks */,
				466DA2F42C9324080023F1DD /* FirebaseFirestore in Frameworks */,
			);
			runOnlyForDeploymentPostprocessing = 0;
		};
/* End PBXFrameworksBuildPhase section */

/* Begin PBXGroup section */
		462F031E2C9554A9000AA26D /* RoomPlanKit */ = {
			isa = PBXGroup;
			children = (
				462F03282C95558B000AA26D /* RoomPlanView.swift */,
				462F031F2C9554CC000AA26D /* ARModelView.swift */,
				462F03212C9554DF000AA26D /* UnsupportedDeviceView.swift */,
				462F03232C9554F9000AA26D /* StartScanView.swift */,
				466DA31D2C9421580023F1DD /* CategorieItemView.swift */,
				46730DEC2C96AFDE00E9227E /* ModelDetailView.swift */,
				46730DF02C96B7B900E9227E /* RoomDetailsFormView.swift */,
				46730DF72C96C1A900E9227E /* ARViewDisplay.swift */,
				4677D8F22C9D9F2A00BA6E54 /* Model3DView.swift */,
			);
			path = RoomPlanKit;
			sourceTree = "<group>";
		};
		462F03252C955509000AA26D /* RoomPlanKit */ = {
			isa = PBXGroup;
			children = (
				462F03262C95557A000AA26D /* RoomController.swift */,
				46B805582C97FACF00ABF1F8 /* RoomPlanViewViewModel.swift */,
				46B8055A2C97FB7400ABF1F8 /* CategoryViewViewModel.swift */,
			);
			path = RoomPlanKit;
			sourceTree = "<group>";
		};
		462F032A2C955648000AA26D /* Login-signup */ = {
			isa = PBXGroup;
			children = (
				466DA3012C9324EB0023F1DD /* LoginViewViewModel.swift */,
				466DA30B2C93255D0023F1DD /* RegisterViewViewModel.swift */,
			);
			path = "Login-signup";
			sourceTree = "<group>";
		};
		462F032B2C955660000AA26D /* MainAppViewModels */ = {
			isa = PBXGroup;
			children = (
				466DA2FD2C9324BD0023F1DD /* MainViewViewModel.swift */,
				466DA3112C9327FF0023F1DD /* ProfileViewViewModel.swift */,
				46B805622C986CF200ABF1F8 /* HomeViewViewModel.swift */,
			);
			path = MainAppViewModels;
			sourceTree = "<group>";
		};
		462F032C2C955680000AA26D /* MainAppViews */ = {
			isa = PBXGroup;
			children = (
				466DA2F92C9324800023F1DD /* ProfileView.swift */,
				466DA2FB2C9324AA0023F1DD /* HomeView.swift */,
				466DA3132C93347D0023F1DD /* LandingView.swift */,
			);
			path = MainAppViews;
			sourceTree = "<group>";
		};
		462F032D2C9556A7000AA26D /* Login-signup */ = {
			isa = PBXGroup;
			children = (
				466DA2FF2C9324D90023F1DD /* LoginView.swift */,
				466DA3072C93253C0023F1DD /* RegisterView.swift */,
			);
			path = "Login-signup";
			sourceTree = "<group>";
		};
		462F032E2C9556BB000AA26D /* Components */ = {
			isa = PBXGroup;
			children = (
				46B805642C98861900ABF1F8 /* categoriesView.swift */,
				46B8055E2C9861B700ABF1F8 /* AddRoomView.swift */,
				466DA3032C9325130023F1DD /* HeaderView.swift */,
				466DA3052C9325280023F1DD /* TLButton.swift */,
				46B805662C98865C00ABF1F8 /* SliderView.swift */,
				46C0724E2C999FDB007A162A /* SkeletonLoader.swift */,
			);
			path = Components;
			sourceTree = "<group>";
		};
		466DA2D02C9322940023F1DD = {
			isa = PBXGroup;
			children = (
				466DA2DB2C9322940023F1DD /* RndR_SwiftUi */,
				466DA2DA2C9322940023F1DD /* Products */,
			);
			sourceTree = "<group>";
		};
		466DA2DA2C9322940023F1DD /* Products */ = {
			isa = PBXGroup;
			children = (
				466DA2D92C9322940023F1DD /* RndR_SwiftUi.app */,
			);
			name = Products;
			sourceTree = "<group>";
		};
		466DA2DB2C9322940023F1DD /* RndR_SwiftUi */ = {
			isa = PBXGroup;
			children = (
				466DA3172C93F1DE0023F1DD /* RndR-SwiftUi-Info.plist */,
				466DA2EC2C9322B10023F1DD /* Other */,
				466DA2EB2C9322AA0023F1DD /* ViewModel */,
				466DA2EA2C9322A40023F1DD /* View */,
				466DA2ED2C9322B40023F1DD /* Model */,
				466DA2E22C9322950023F1DD /* Preview Content */,
			);
			path = RndR_SwiftUi;
			sourceTree = "<group>";
		};
		466DA2E22C9322950023F1DD /* Preview Content */ = {
			isa = PBXGroup;
			children = (
				466DA2E32C9322950023F1DD /* Preview Assets.xcassets */,
			);
			path = "Preview Content";
			sourceTree = "<group>";
		};
		466DA2EA2C9322A40023F1DD /* View */ = {
			isa = PBXGroup;
			children = (
				466DA2DE2C9322940023F1DD /* MainView.swift */,
				462F032E2C9556BB000AA26D /* Components */,
				462F032D2C9556A7000AA26D /* Login-signup */,
				462F032C2C955680000AA26D /* MainAppViews */,
				462F031E2C9554A9000AA26D /* RoomPlanKit */,
			);
			path = View;
			sourceTree = "<group>";
		};
		466DA2EB2C9322AA0023F1DD /* ViewModel */ = {
			isa = PBXGroup;
			children = (
				462F032B2C955660000AA26D /* MainAppViewModels */,
				462F032A2C955648000AA26D /* Login-signup */,
				462F03252C955509000AA26D /* RoomPlanKit */,
			);
			path = ViewModel;
			sourceTree = "<group>";
		};
		466DA2EC2C9322B10023F1DD /* Other */ = {
			isa = PBXGroup;
			children = (
				466DA2DC2C9322940023F1DD /* RndR_SwiftUiApp.swift */,
				466DA2E02C9322950023F1DD /* Assets.xcassets */,
				466DA3152C93F1530023F1DD /* GoogleService-Info.plist */,
				466DA30F2C9325AA0023F1DD /* Extensions.swift */,
				4677D8F42C9DA13E00BA6E54 /* demoModel.usdz */,
			);
			path = Other;
			sourceTree = "<group>";
		};
		466DA2ED2C9322B40023F1DD /* Model */ = {
			isa = PBXGroup;
			children = (
				466DA30D2C9325850023F1DD /* UserDataModel.swift */,
				46730DEE2C96B6AC00E9227E /* RoomDataModel.swift */,
				46B805602C986CD000ABF1F8 /* CategoryDataModel.swift */,
			);
			path = Model;
			sourceTree = "<group>";
		};
/* End PBXGroup section */

/* Begin PBXNativeTarget section */
		466DA2D82C9322940023F1DD /* RndR_SwiftUi */ = {
			isa = PBXNativeTarget;
			buildConfigurationList = 466DA2E72C9322950023F1DD /* Build configuration list for PBXNativeTarget "RndR_SwiftUi" */;
			buildPhases = (
				466DA2D52C9322940023F1DD /* Sources */,
				466DA2D62C9322940023F1DD /* Frameworks */,
				466DA2D72C9322940023F1DD /* Resources */,
			);
			buildRules = (
			);
			dependencies = (
			);
			name = RndR_SwiftUi;
			packageProductDependencies = (
				466DA2F12C9324080023F1DD /* FirebaseAuth */,
				466DA2F32C9324080023F1DD /* FirebaseFirestore */,
				466DA2F52C9324080023F1DD /* FirebaseFirestoreCombine-Community */,
				466DA2F72C9324080023F1DD /* FirebaseStorage */,
				466DA3192C93F45A0023F1DD /* GoogleSignIn */,
				466DA31B2C93F45A0023F1DD /* GoogleSignInSwift */,
				46730DF32C96BFBF00E9227E /* SDWebImageSwiftUI */,
			);
			productName = RndR_SwiftUi;
			productReference = 466DA2D92C9322940023F1DD /* RndR_SwiftUi.app */;
			productType = "com.apple.product-type.application";
		};
/* End PBXNativeTarget section */

/* Begin PBXProject section */
		466DA2D12C9322940023F1DD /* Project object */ = {
			isa = PBXProject;
			attributes = {
				BuildIndependentTargetsInParallel = 1;
				LastSwiftUpdateCheck = 1540;
				LastUpgradeCheck = 1540;
				TargetAttributes = {
					466DA2D82C9322940023F1DD = {
						CreatedOnToolsVersion = 15.4;
					};
				};
			};
			buildConfigurationList = 466DA2D42C9322940023F1DD /* Build configuration list for PBXProject "RndR_SwiftUi" */;
			compatibilityVersion = "Xcode 14.0";
			developmentRegion = en;
			hasScannedForEncodings = 0;
			knownRegions = (
				en,
				Base,
			);
			mainGroup = 466DA2D02C9322940023F1DD;
			packageReferences = (
				466DA2F02C9324080023F1DD /* XCRemoteSwiftPackageReference "firebase-ios-sdk" */,
				466DA3182C93F45A0023F1DD /* XCRemoteSwiftPackageReference "GoogleSignIn-iOS" */,
				46730DF22C96BFBF00E9227E /* XCRemoteSwiftPackageReference "SDWebImageSwiftUI" */,
			);
			productRefGroup = 466DA2DA2C9322940023F1DD /* Products */;
			projectDirPath = "";
			projectRoot = "";
			targets = (
				466DA2D82C9322940023F1DD /* RndR_SwiftUi */,
			);
		};
/* End PBXProject section */

/* Begin PBXResourcesBuildPhase section */
		466DA2D72C9322940023F1DD /* Resources */ = {
			isa = PBXResourcesBuildPhase;
			buildActionMask = 2147483647;
			files = (
				4677D8F52C9DA13E00BA6E54 /* demoModel.usdz in Resources */,
				466DA2E42C9322950023F1DD /* Preview Assets.xcassets in Resources */,
				466DA2E12C9322950023F1DD /* Assets.xcassets in Resources */,
				466DA3162C93F1530023F1DD /* GoogleService-Info.plist in Resources */,
			);
			runOnlyForDeploymentPostprocessing = 0;
		};
/* End PBXResourcesBuildPhase section */

/* Begin PBXSourcesBuildPhase section */
		466DA2D52C9322940023F1DD /* Sources */ = {
			isa = PBXSourcesBuildPhase;
			buildActionMask = 2147483647;
			files = (
				466DA30E2C9325850023F1DD /* UserDataModel.swift in Sources */,
				46B8055F2C9861B700ABF1F8 /* AddRoomView.swift in Sources */,
				462F03272C95557A000AA26D /* RoomController.swift in Sources */,
				466DA30C2C93255D0023F1DD /* RegisterViewViewModel.swift in Sources */,
				46B805592C97FACF00ABF1F8 /* RoomPlanViewViewModel.swift in Sources */,
				466DA3002C9324D90023F1DD /* LoginView.swift in Sources */,
				466DA3082C93253C0023F1DD /* RegisterView.swift in Sources */,
				466DA3062C9325280023F1DD /* TLButton.swift in Sources */,
				46730DF12C96B7B900E9227E /* RoomDetailsFormView.swift in Sources */,
				46B805672C98865C00ABF1F8 /* SliderView.swift in Sources */,
				466DA3022C9324EB0023F1DD /* LoginViewViewModel.swift in Sources */,
				46B805632C986CF200ABF1F8 /* HomeViewViewModel.swift in Sources */,
				46B8055B2C97FB7400ABF1F8 /* CategoryViewViewModel.swift in Sources */,
				46B805612C986CD000ABF1F8 /* CategoryDataModel.swift in Sources */,
				466DA3142C93347D0023F1DD /* LandingView.swift in Sources */,
				462F03242C9554F9000AA26D /* StartScanView.swift in Sources */,
				46730DEF2C96B6AC00E9227E /* RoomDataModel.swift in Sources */,
				4677D8F32C9D9F2A00BA6E54 /* Model3DView.swift in Sources */,
				466DA2DF2C9322940023F1DD /* MainView.swift in Sources */,
				462F03222C9554DF000AA26D /* UnsupportedDeviceView.swift in Sources */,
				466DA2FC2C9324AA0023F1DD /* HomeView.swift in Sources */,
				466DA3102C9325AA0023F1DD /* Extensions.swift in Sources */,
				462F03292C95558B000AA26D /* RoomPlanView.swift in Sources */,
				466DA2FA2C9324800023F1DD /* ProfileView.swift in Sources */,
				466DA2FE2C9324BD0023F1DD /* MainViewViewModel.swift in Sources */,
				462F03202C9554CC000AA26D /* ARModelView.swift in Sources */,
				466DA3122C9327FF0023F1DD /* ProfileViewViewModel.swift in Sources */,
				466DA2DD2C9322940023F1DD /* RndR_SwiftUiApp.swift in Sources */,
				46730DED2C96AFDE00E9227E /* ModelDetailView.swift in Sources */,
				46C0724F2C999FDB007A162A /* SkeletonLoader.swift in Sources */,
				466DA3042C9325130023F1DD /* HeaderView.swift in Sources */,
				466DA31E2C9421580023F1DD /* CategorieItemView.swift in Sources */,
				46B805652C98861900ABF1F8 /* categoriesView.swift in Sources */,
				46730DF82C96C1A900E9227E /* ARViewDisplay.swift in Sources */,
			);
			runOnlyForDeploymentPostprocessing = 0;
		};
/* End PBXSourcesBuildPhase section */

/* Begin XCBuildConfiguration section */
		466DA2E52C9322950023F1DD /* Debug */ = {
			isa = XCBuildConfiguration;
			buildSettings = {
				ALWAYS_SEARCH_USER_PATHS = NO;
				ASSETCATALOG_COMPILER_GENERATE_SWIFT_ASSET_SYMBOL_EXTENSIONS = YES;
				CLANG_ANALYZER_NONNULL = YES;
				CLANG_ANALYZER_NUMBER_OBJECT_CONVERSION = YES_AGGRESSIVE;
				CLANG_CXX_LANGUAGE_STANDARD = "gnu++20";
				CLANG_ENABLE_MODULES = YES;
				CLANG_ENABLE_OBJC_ARC = YES;
				CLANG_ENABLE_OBJC_WEAK = YES;
				CLANG_WARN_BLOCK_CAPTURE_AUTORELEASING = YES;
				CLANG_WARN_BOOL_CONVERSION = YES;
				CLANG_WARN_COMMA = YES;
				CLANG_WARN_CONSTANT_CONVERSION = YES;
				CLANG_WARN_DEPRECATED_OBJC_IMPLEMENTATIONS = YES;
				CLANG_WARN_DIRECT_OBJC_ISA_USAGE = YES_ERROR;
				CLANG_WARN_DOCUMENTATION_COMMENTS = YES;
				CLANG_WARN_EMPTY_BODY = YES;
				CLANG_WARN_ENUM_CONVERSION = YES;
				CLANG_WARN_INFINITE_RECURSION = YES;
				CLANG_WARN_INT_CONVERSION = YES;
				CLANG_WARN_NON_LITERAL_NULL_CONVERSION = YES;
				CLANG_WARN_OBJC_IMPLICIT_RETAIN_SELF = YES;
				CLANG_WARN_OBJC_LITERAL_CONVERSION = YES;
				CLANG_WARN_OBJC_ROOT_CLASS = YES_ERROR;
				CLANG_WARN_QUOTED_INCLUDE_IN_FRAMEWORK_HEADER = YES;
				CLANG_WARN_RANGE_LOOP_ANALYSIS = YES;
				CLANG_WARN_STRICT_PROTOTYPES = YES;
				CLANG_WARN_SUSPICIOUS_MOVE = YES;
				CLANG_WARN_UNGUARDED_AVAILABILITY = YES_AGGRESSIVE;
				CLANG_WARN_UNREACHABLE_CODE = YES;
				CLANG_WARN__DUPLICATE_METHOD_MATCH = YES;
				COPY_PHASE_STRIP = NO;
				DEBUG_INFORMATION_FORMAT = dwarf;
				ENABLE_STRICT_OBJC_MSGSEND = YES;
				ENABLE_TESTABILITY = YES;
				ENABLE_USER_SCRIPT_SANDBOXING = YES;
				GCC_C_LANGUAGE_STANDARD = gnu17;
				GCC_DYNAMIC_NO_PIC = NO;
				GCC_NO_COMMON_BLOCKS = YES;
				GCC_OPTIMIZATION_LEVEL = 0;
				GCC_PREPROCESSOR_DEFINITIONS = (
					"DEBUG=1",
					"$(inherited)",
				);
				GCC_WARN_64_TO_32_BIT_CONVERSION = YES;
				GCC_WARN_ABOUT_RETURN_TYPE = YES_ERROR;
				GCC_WARN_UNDECLARED_SELECTOR = YES;
				GCC_WARN_UNINITIALIZED_AUTOS = YES_AGGRESSIVE;
				GCC_WARN_UNUSED_FUNCTION = YES;
				GCC_WARN_UNUSED_VARIABLE = YES;
				IPHONEOS_DEPLOYMENT_TARGET = 17.5;
				LOCALIZATION_PREFERS_STRING_CATALOGS = YES;
				MTL_ENABLE_DEBUG_INFO = INCLUDE_SOURCE;
				MTL_FAST_MATH = YES;
				ONLY_ACTIVE_ARCH = YES;
				SDKROOT = iphoneos;
				SWIFT_ACTIVE_COMPILATION_CONDITIONS = "DEBUG $(inherited)";
				SWIFT_OPTIMIZATION_LEVEL = "-Onone";
			};
			name = Debug;
		};
		466DA2E62C9322950023F1DD /* Release */ = {
			isa = XCBuildConfiguration;
			buildSettings = {
				ALWAYS_SEARCH_USER_PATHS = NO;
				ASSETCATALOG_COMPILER_GENERATE_SWIFT_ASSET_SYMBOL_EXTENSIONS = YES;
				CLANG_ANALYZER_NONNULL = YES;
				CLANG_ANALYZER_NUMBER_OBJECT_CONVERSION = YES_AGGRESSIVE;
				CLANG_CXX_LANGUAGE_STANDARD = "gnu++20";
				CLANG_ENABLE_MODULES = YES;
				CLANG_ENABLE_OBJC_ARC = YES;
				CLANG_ENABLE_OBJC_WEAK = YES;
				CLANG_WARN_BLOCK_CAPTURE_AUTORELEASING = YES;
				CLANG_WARN_BOOL_CONVERSION = YES;
				CLANG_WARN_COMMA = YES;
				CLANG_WARN_CONSTANT_CONVERSION = YES;
				CLANG_WARN_DEPRECATED_OBJC_IMPLEMENTATIONS = YES;
				CLANG_WARN_DIRECT_OBJC_ISA_USAGE = YES_ERROR;
				CLANG_WARN_DOCUMENTATION_COMMENTS = YES;
				CLANG_WARN_EMPTY_BODY = YES;
				CLANG_WARN_ENUM_CONVERSION = YES;
				CLANG_WARN_INFINITE_RECURSION = YES;
				CLANG_WARN_INT_CONVERSION = YES;
				CLANG_WARN_NON_LITERAL_NULL_CONVERSION = YES;
				CLANG_WARN_OBJC_IMPLICIT_RETAIN_SELF = YES;
				CLANG_WARN_OBJC_LITERAL_CONVERSION = YES;
				CLANG_WARN_OBJC_ROOT_CLASS = YES_ERROR;
				CLANG_WARN_QUOTED_INCLUDE_IN_FRAMEWORK_HEADER = YES;
				CLANG_WARN_RANGE_LOOP_ANALYSIS = YES;
				CLANG_WARN_STRICT_PROTOTYPES = YES;
				CLANG_WARN_SUSPICIOUS_MOVE = YES;
				CLANG_WARN_UNGUARDED_AVAILABILITY = YES_AGGRESSIVE;
				CLANG_WARN_UNREACHABLE_CODE = YES;
				CLANG_WARN__DUPLICATE_METHOD_MATCH = YES;
				COPY_PHASE_STRIP = NO;
				DEBUG_INFORMATION_FORMAT = "dwarf-with-dsym";
				ENABLE_NS_ASSERTIONS = NO;
				ENABLE_STRICT_OBJC_MSGSEND = YES;
				ENABLE_USER_SCRIPT_SANDBOXING = YES;
				GCC_C_LANGUAGE_STANDARD = gnu17;
				GCC_NO_COMMON_BLOCKS = YES;
				GCC_WARN_64_TO_32_BIT_CONVERSION = YES;
				GCC_WARN_ABOUT_RETURN_TYPE = YES_ERROR;
				GCC_WARN_UNDECLARED_SELECTOR = YES;
				GCC_WARN_UNINITIALIZED_AUTOS = YES_AGGRESSIVE;
				GCC_WARN_UNUSED_FUNCTION = YES;
				GCC_WARN_UNUSED_VARIABLE = YES;
				IPHONEOS_DEPLOYMENT_TARGET = 17.5;
				LOCALIZATION_PREFERS_STRING_CATALOGS = YES;
				MTL_ENABLE_DEBUG_INFO = NO;
				MTL_FAST_MATH = YES;
				SDKROOT = iphoneos;
				SWIFT_COMPILATION_MODE = wholemodule;
				VALIDATE_PRODUCT = YES;
			};
			name = Release;
		};
		466DA2E82C9322950023F1DD /* Debug */ = {
			isa = XCBuildConfiguration;
			buildSettings = {
				ASSETCATALOG_COMPILER_APPICON_NAME = AppIcon;
				ASSETCATALOG_COMPILER_GLOBAL_ACCENT_COLOR_NAME = AccentColor;
				CODE_SIGN_STYLE = Automatic;
				CURRENT_PROJECT_VERSION = 1;
				DEVELOPMENT_ASSET_PATHS = "\"RndR_SwiftUi/Preview Content\"";
				DEVELOPMENT_TEAM = 4FU3RXR748;
				ENABLE_PREVIEWS = YES;
				GENERATE_INFOPLIST_FILE = YES;
				INFOPLIST_FILE = "RndR-SwiftUi-Info.plist";
				INFOPLIST_KEY_NSCameraUsageDescription = "Need camera access for this app to function properly";
				INFOPLIST_KEY_UIApplicationSceneManifest_Generation = YES;
				INFOPLIST_KEY_UIApplicationSupportsIndirectInputEvents = YES;
				INFOPLIST_KEY_UILaunchScreen_Generation = YES;
				INFOPLIST_KEY_UISupportedInterfaceOrientations_iPad = "UIInterfaceOrientationPortrait UIInterfaceOrientationPortraitUpsideDown UIInterfaceOrientationLandscapeLeft UIInterfaceOrientationLandscapeRight";
				INFOPLIST_KEY_UISupportedInterfaceOrientations_iPhone = "UIInterfaceOrientationPortrait UIInterfaceOrientationLandscapeLeft UIInterfaceOrientationLandscapeRight";
				LD_RUNPATH_SEARCH_PATHS = (
					"$(inherited)",
					"@executable_path/Frameworks",
				);
				MARKETING_VERSION = 1.0;
				PRODUCT_BUNDLE_IDENTIFIER = "com.RndR-SwiftUi";
				PRODUCT_NAME = "$(TARGET_NAME)";
				SWIFT_EMIT_LOC_STRINGS = YES;
				SWIFT_VERSION = 5.0;
				TARGETED_DEVICE_FAMILY = "1,2";
			};
			name = Debug;
		};
		466DA2E92C9322950023F1DD /* Release */ = {
			isa = XCBuildConfiguration;
			buildSettings = {
				ASSETCATALOG_COMPILER_APPICON_NAME = AppIcon;
				ASSETCATALOG_COMPILER_GLOBAL_ACCENT_COLOR_NAME = AccentColor;
				CODE_SIGN_STYLE = Automatic;
				CURRENT_PROJECT_VERSION = 1;
				DEVELOPMENT_ASSET_PATHS = "\"RndR_SwiftUi/Preview Content\"";
				DEVELOPMENT_TEAM = 4FU3RXR748;
				ENABLE_PREVIEWS = YES;
				GENERATE_INFOPLIST_FILE = YES;
				INFOPLIST_FILE = "RndR-SwiftUi-Info.plist";
				INFOPLIST_KEY_NSCameraUsageDescription = "Need camera access for this app to function properly";
				INFOPLIST_KEY_UIApplicationSceneManifest_Generation = YES;
				INFOPLIST_KEY_UIApplicationSupportsIndirectInputEvents = YES;
				INFOPLIST_KEY_UILaunchScreen_Generation = YES;
				INFOPLIST_KEY_UISupportedInterfaceOrientations_iPad = "UIInterfaceOrientationPortrait UIInterfaceOrientationPortraitUpsideDown UIInterfaceOrientationLandscapeLeft UIInterfaceOrientationLandscapeRight";
				INFOPLIST_KEY_UISupportedInterfaceOrientations_iPhone = "UIInterfaceOrientationPortrait UIInterfaceOrientationLandscapeLeft UIInterfaceOrientationLandscapeRight";
				LD_RUNPATH_SEARCH_PATHS = (
					"$(inherited)",
					"@executable_path/Frameworks",
				);
				MARKETING_VERSION = 1.0;
				PRODUCT_BUNDLE_IDENTIFIER = "com.RndR-SwiftUi";
				PRODUCT_NAME = "$(TARGET_NAME)";
				SWIFT_EMIT_LOC_STRINGS = YES;
				SWIFT_VERSION = 5.0;
				TARGETED_DEVICE_FAMILY = "1,2";
			};
			name = Release;
		};
/* End XCBuildConfiguration section */

/* Begin XCConfigurationList section */
		466DA2D42C9322940023F1DD /* Build configuration list for PBXProject "RndR_SwiftUi" */ = {
			isa = XCConfigurationList;
			buildConfigurations = (
				466DA2E52C9322950023F1DD /* Debug */,
				466DA2E62C9322950023F1DD /* Release */,
			);
			defaultConfigurationIsVisible = 0;
			defaultConfigurationName = Release;
		};
		466DA2E72C9322950023F1DD /* Build configuration list for PBXNativeTarget "RndR_SwiftUi" */ = {
			isa = XCConfigurationList;
			buildConfigurations = (
				466DA2E82C9322950023F1DD /* Debug */,
				466DA2E92C9322950023F1DD /* Release */,
			);
			defaultConfigurationIsVisible = 0;
			defaultConfigurationName = Release;
		};
/* End XCConfigurationList section */

/* Begin XCRemoteSwiftPackageReference section */
		466DA2F02C9324080023F1DD /* XCRemoteSwiftPackageReference "firebase-ios-sdk" */ = {
			isa = XCRemoteSwiftPackageReference;
			repositoryURL = "https://github.com/firebase/firebase-ios-sdk";
			requirement = {
				kind = upToNextMajorVersion;
				minimumVersion = 11.2.0;
			};
		};
		466DA3182C93F45A0023F1DD /* XCRemoteSwiftPackageReference "GoogleSignIn-iOS" */ = {
			isa = XCRemoteSwiftPackageReference;
			repositoryURL = "https://github.com/google/GoogleSignIn-iOS";
			requirement = {
				kind = upToNextMajorVersion;
				minimumVersion = 8.0.0;
			};
		};
		46730DF22C96BFBF00E9227E /* XCRemoteSwiftPackageReference "SDWebImageSwiftUI" */ = {
			isa = XCRemoteSwiftPackageReference;
			repositoryURL = "https://github.com/SDWebImage/SDWebImageSwiftUI.git";
			requirement = {
				kind = upToNextMajorVersion;
				minimumVersion = 3.1.2;
			};
		};
/* End XCRemoteSwiftPackageReference section */

/* Begin XCSwiftPackageProductDependency section */
		466DA2F12C9324080023F1DD /* FirebaseAuth */ = {
			isa = XCSwiftPackageProductDependency;
			package = 466DA2F02C9324080023F1DD /* XCRemoteSwiftPackageReference "firebase-ios-sdk" */;
			productName = FirebaseAuth;
		};
		466DA2F32C9324080023F1DD /* FirebaseFirestore */ = {
			isa = XCSwiftPackageProductDependency;
			package = 466DA2F02C9324080023F1DD /* XCRemoteSwiftPackageReference "firebase-ios-sdk" */;
			productName = FirebaseFirestore;
		};
		466DA2F52C9324080023F1DD /* FirebaseFirestoreCombine-Community */ = {
			isa = XCSwiftPackageProductDependency;
			package = 466DA2F02C9324080023F1DD /* XCRemoteSwiftPackageReference "firebase-ios-sdk" */;
			productName = "FirebaseFirestoreCombine-Community";
		};
		466DA2F72C9324080023F1DD /* FirebaseStorage */ = {
			isa = XCSwiftPackageProductDependency;
			package = 466DA2F02C9324080023F1DD /* XCRemoteSwiftPackageReference "firebase-ios-sdk" */;
			productName = FirebaseStorage;
		};
		466DA3192C93F45A0023F1DD /* GoogleSignIn */ = {
			isa = XCSwiftPackageProductDependency;
			package = 466DA3182C93F45A0023F1DD /* XCRemoteSwiftPackageReference "GoogleSignIn-iOS" */;
			productName = GoogleSignIn;
		};
		466DA31B2C93F45A0023F1DD /* GoogleSignInSwift */ = {
			isa = XCSwiftPackageProductDependency;
			package = 466DA3182C93F45A0023F1DD /* XCRemoteSwiftPackageReference "GoogleSignIn-iOS" */;
			productName = GoogleSignInSwift;
		};
		46730DF32C96BFBF00E9227E /* SDWebImageSwiftUI */ = {
			isa = XCSwiftPackageProductDependency;
			package = 46730DF22C96BFBF00E9227E /* XCRemoteSwiftPackageReference "SDWebImageSwiftUI" */;
			productName = SDWebImageSwiftUI;
		};
/* End XCSwiftPackageProductDependency section */
	};
	rootObject = 466DA2D12C9322940023F1DD /* Project object */;
}
